{
    "version": 3,
    "terraform_version": "0.11.11",
    "serial": 1,
    "lineage": "80209b89-12b7-c8fd-49dd-0c710cd23843",
    "modules": [
        {
            "path": [
                "root"
            ],
            "outputs": {},
            "resources": {
                "aws_instance.example": {
                    "type": "aws_instance",
                    "depends_on": [],
                    "primary": {
                        "id": "i-0fcbd3aa99f24570e",
                        "attributes": {
                            "ami": "ami-0653e888ec96eab9b",
                            "arn": "arn:aws:ec2:us-east-2:145452314371:instance/i-0fcbd3aa99f24570e",
                            "associate_public_ip_address": "true",
                            "availability_zone": "us-east-2c",
                            "cpu_core_count": "1",
                            "cpu_threads_per_core": "1",
                            "credit_specification.#": "1",
                            "credit_specification.0.cpu_credits": "standard",
                            "disable_api_termination": "false",
                            "ebs_block_device.#": "0",
                            "ebs_optimized": "false",
                            "ephemeral_block_device.#": "0",
                            "get_password_data": "false",
                            "iam_instance_profile": "",
                            "id": "i-0fcbd3aa99f24570e",
                            "instance_state": "running",
                            "instance_type": "t2.micro",
                            "ipv6_addresses.#": "0",
                            "key_name": "hell",
                            "monitoring": "false",
                            "network_interface.#": "0",
                            "network_interface_id": "eni-04e840fda00e5ba91",
                            "password_data": "",
                            "placement_group": "",
                            "primary_network_interface_id": "eni-04e840fda00e5ba91",
                            "private_dns": "ip-172-31-33-124.us-east-2.compute.internal",
                            "private_ip": "172.31.33.124",
                            "public_dns": "ec2-18-188-234-44.us-east-2.compute.amazonaws.com",
                            "public_ip": "18.188.234.44",
                            "root_block_device.#": "1",
                            "root_block_device.0.delete_on_termination": "true",
                            "root_block_device.0.iops": "100",
                            "root_block_device.0.volume_id": "vol-044dd78349495cce6",
                            "root_block_device.0.volume_size": "8",
                            "root_block_device.0.volume_type": "gp2",
                            "security_groups.#": "1",
                            "security_groups.3814588639": "default",
                            "source_dest_check": "true",
                            "subnet_id": "subnet-5a8c4416",
                            "tags.%": "0",
                            "tenancy": "default",
                            "volume_tags.%": "0",
                            "vpc_security_group_ids.#": "1",
                            "vpc_security_group_ids.2313196216": "sg-ff0d5193"
                        },
                        "meta": {
                            "e2bfb730-ecaa-11e6-8f88-34363bc7c4c0": {
                                "create": 600000000000,
                                "delete": 1200000000000,
                                "update": 600000000000
                            },
                            "schema_version": "1"
                        },
                        "tainted": false
                    },
                    "deposed": [],
                    "provider": "provider.aws"
                }
            },
            "depends_on": []
        }
    ]
}
